
Microsoft Visual Studio Solution File, Format Version 12.00
# Visual Studio Version 16
VisualStudioVersion = 16.0.29025.244
MinimumVisualStudioVersion = 10.0.40219.1
Project("{FAE04EC0-301F-11D3-BF4B-00C04F79EFBC}") = "Live0xUtils", "Live0xUtils\Live0xUtils.csproj", "{8814D459-BB13-401D-B269-4FDA69A405BA}"
EndProject
Project("{FAE04EC0-301F-11D3-BF4B-00C04F79EFBC}") = "Live0xUtilsTest", "Live0xUtilsTest\Live0xUtilsTest.csproj", "{C6DA4BB8-EB98-4386-AA25-ADC6C4FF1E8D}"
EndProject
Global
	GlobalSection(SolutionConfigurationPlatforms) = preSolution
		Debug|Any CPU = Debug|Any CPU
		Release|Any CPU = Release|Any CPU
	EndGlobalSection
	GlobalSection(ProjectConfigurationPlatforms) = postSolution
		{8814D459-BB13-401D-B269-4FDA69A405BA}.Debug|Any CPU.ActiveCfg = Debug|Any CPU
		{8814D459-BB13-401D-B269-4FDA69A405BA}.Debug|Any CPU.Build.0 = Debug|Any CPU
		{8814D459-BB13-401D-B269-4FDA69A405BA}.Release|Any CPU.ActiveCfg = Release|Any CPU
		{8814D459-BB13-401D-B269-4FDA69A405BA}.Release|Any CPU.Build.0 = Release|Any CPU
		{C6DA4BB8-EB98-4386-AA25-ADC6C4FF1E8D}.Debug|Any CPU.ActiveCfg = Debug|Any CPU
		{C6DA4BB8-EB98-4386-AA25-ADC6C4FF1E8D}.Debug|Any CPU.Build.0 = Debug|Any CPU
		{C6DA4BB8-EB98-4386-AA25-ADC6C4FF1E8D}.Release|Any CPU.ActiveCfg = Release|Any CPU
		{C6DA4BB8-EB98-4386-AA25-ADC6C4FF1E8D}.Release|Any CPU.Build.0 = Release|Any CPU
	EndGlobalSection
	GlobalSection(SolutionProperties) = preSolution
		HideSolutionNode = FALSE
	EndGlobalSection
	GlobalSection(ExtensibilityGlobals) = postSolution
		SolutionGuid = {379E7FD7-F913-4042-975E-2D79030068A1}
	EndGlobalSection
EndGlobal
